
Microsoft Visual Studio Solution File, Format Version 12.00
# Visual Studio 15
VisualStudioVersion = 15.0.28307.1145
MinimumVisualStudioVersion = 10.0.40219.1
Project("{8BC9CEB8-8B4A-11D0-8D11-00A0C91BC942}") = "dll-injector", "dll-injector\dll-injector.vcxproj", "{F605BD7E-7E4D-464C-9C5A-943C26230000}"
EndProject
Global
	GlobalSection(SolutionConfigurationPlatforms) = preSolution
		Debug|x64 = Debug|x64
		Debug|x86 = Debug|x86
		Release|x64 = Release|x64
		Release|x86 = Release|x86
	EndGlobalSection
	GlobalSection(ProjectConfigurationPlatforms) = postSolution
		{F605BD7E-7E4D-464C-9C5A-943C26230000}.Debug|x64.ActiveCfg = Debug|x64
		{F605BD7E-7E4D-464C-9C5A-943C26230000}.Debug|x64.Build.0 = Debug|x64
		{F605BD7E-7E4D-464C-9C5A-943C26230000}.Debug|x86.ActiveCfg = Debug|Win32
		{F605BD7E-7E4D-464C-9C5A-943C26230000}.Debug|x86.Build.0 = Debug|Win32
		{F605BD7E-7E4D-464C-9C5A-943C26230000}.Release|x64.ActiveCfg = Release|x64
		{F605BD7E-7E4D-464C-9C5A-943C26230000}.Release|x64.Build.0 = Release|x64
		{F605BD7E-7E4D-464C-9C5A-943C26230000}.Release|x86.ActiveCfg = Release|Win32
		{F605BD7E-7E4D-464C-9C5A-943C26230000}.Release|x86.Build.0 = Release|Win32
	EndGlobalSection
	GlobalSection(SolutionProperties) = preSolution
		HideSolutionNode = FALSE
	EndGlobalSection
	GlobalSection(ExtensibilityGlobals) = postSolution
		SolutionGuid = {46F9289D-311E-4FAC-AB3B-C23478284973}
	EndGlobalSection
EndGlobal
